// !$*UTF8*$!
{
	archiveVersion = 1;
	classes = {
	};
	objectVersion = 50;
	objects = {

/* Begin PBXBuildFile section */
		B7E507B824762D65007C4229 /* AppDelegate.m in Sources */ = {isa = PBXBuildFile; fileRef = B7E507B724762D65007C4229 /* AppDelegate.m */; };
		B7E507BB24762D65007C4229 /* SceneDelegate.m in Sources */ = {isa = PBXBuildFile; fileRef = B7E507BA24762D65007C4229 /* SceneDelegate.m */; };
		B7E507BE24762D65007C4229 /* ViewController.m in Sources */ = {isa = PBXBuildFile; fileRef = B7E507BD24762D65007C4229 /* ViewController.m */; };
		B7E507C124762D65007C4229 /* Main.storyboard in Resources */ = {isa = PBXBuildFile; fileRef = B7E507BF24762D65007C4229 /* Main.storyboard */; };
		B7E507C324762D68007C4229 /* Assets.xcassets in Resources */ = {isa = PBXBuildFile; fileRef = B7E507C224762D68007C4229 /* Assets.xcassets */; };
		B7E507C624762D68007C4229 /* LaunchScreen.storyboard in Resources */ = {isa = PBXBuildFile; fileRef = B7E507C424762D68007C4229 /* LaunchScreen.storyboard */; };
		B7E507C924762D68007C4229 /* main.m in Sources */ = {isa = PBXBuildFile; fileRef = B7E507C824762D68007C4229 /* main.m */; };
		B7E507D324762D68007C4229 /* Test123Tests.m in Sources */ = {isa = PBXBuildFile; fileRef = B7E507D224762D68007C4229 /* Test123Tests.m */; };
		B7E507DE24762D68007C4229 /* Test123UITests.m in Sources */ = {isa = PBXBuildFile; fileRef = B7E507DD24762D68007C4229 /* Test123UITests.m */; };
		B7E507FE24763081007C4229 /* UIView+ZJFrame.m in Sources */ = {isa = PBXBuildFile; fileRef = B7E507EE24763081007C4229 /* UIView+ZJFrame.m */; };
		B7E507FF24763081007C4229 /* ZJTitleView.m in Sources */ = {isa = PBXBuildFile; fileRef = B7E507F324763081007C4229 /* ZJTitleView.m */; };
		B7E5080024763081007C4229 /* UIViewController+ZJScrollPageController.m in Sources */ = {isa = PBXBuildFile; fileRef = B7E507F424763081007C4229 /* UIViewController+ZJScrollPageController.m */; };
		B7E5080124763081007C4229 /* ZJContentView.m in Sources */ = {isa = PBXBuildFile; fileRef = B7E507F724763081007C4229 /* ZJContentView.m */; };
		B7E5080224763081007C4229 /* ZJCollectionView.m in Sources */ = {isa = PBXBuildFile; fileRef = B7E507F824763081007C4229 /* ZJCollectionView.m */; };
		B7E5080324763081007C4229 /* ZJSegmentStyle.m in Sources */ = {isa = PBXBuildFile; fileRef = B7E507F924763081007C4229 /* ZJSegmentStyle.m */; };
		B7E5080424763081007C4229 /* ZJScrollSegmentView.m in Sources */ = {isa = PBXBuildFile; fileRef = B7E507FA24763081007C4229 /* ZJScrollSegmentView.m */; };
		B7E5080524763081007C4229 /* ZJScrollPageView.m in Sources */ = {isa = PBXBuildFile; fileRef = B7E507FB24763081007C4229 /* ZJScrollPageView.m */; };
/* End PBXBuildFile section */

/* Begin PBXContainerItemProxy section */
		B7E507CF24762D68007C4229 /* PBXContainerItemProxy */ = {
			isa = PBXContainerItemProxy;
			containerPortal = B7E507AB24762D65007C4229 /* Project object */;
			proxyType = 1;
			remoteGlobalIDString = B7E507B224762D65007C4229;
			remoteInfo = Test123;
		};
		B7E507DA24762D68007C4229 /* PBXContainerItemProxy */ = {
			isa = PBXContainerItemProxy;
			containerPortal = B7E507AB24762D65007C4229 /* Project object */;
			proxyType = 1;
			remoteGlobalIDString = B7E507B224762D65007C4229;
			remoteInfo = Test123;
		};
/* End PBXContainerItemProxy section */

/* Begin PBXFileReference section */
		B7E507B324762D65007C4229 /* Test123.app */ = {isa = PBXFileReference; explicitFileType = wrapper.application; includeInIndex = 0; path = Test123.app; sourceTree = BUILT_PRODUCTS_DIR; };
		B7E507B624762D65007C4229 /* AppDelegate.h */ = {isa = PBXFileReference; lastKnownFileType = sourcecode.c.h; path = AppDelegate.h; sourceTree = "<group>"; };
		B7E507B724762D65007C4229 /* AppDelegate.m */ = {isa = PBXFileReference; lastKnownFileType = sourcecode.c.objc; path = AppDelegate.m; sourceTree = "<group>"; };
		B7E507B924762D65007C4229 /* SceneDelegate.h */ = {isa = PBXFileReference; lastKnownFileType = sourcecode.c.h; path = SceneDelegate.h; sourceTree = "<group>"; };
		B7E507BA24762D65007C4229 /* SceneDelegate.m */ = {isa = PBXFileReference; lastKnownFileType = sourcecode.c.objc; path = SceneDelegate.m; sourceTree = "<group>"; };
		B7E507BC24762D65007C4229 /* ViewController.h */ = {isa = PBXFileReference; lastKnownFileType = sourcecode.c.h; path = ViewController.h; sourceTree = "<group>"; };
		B7E507BD24762D65007C4229 /* ViewController.m */ = {isa = PBXFileReference; lastKnownFileType = sourcecode.c.objc; path = ViewController.m; sourceTree = "<group>"; };
		B7E507C024762D65007C4229 /* Base */ = {isa = PBXFileReference; lastKnownFileType = file.storyboard; name = Base; path = Base.lproj/Main.storyboard; sourceTree = "<group>"; };
		B7E507C224762D68007C4229 /* Assets.xcassets */ = {isa = PBXFileReference; lastKnownFileType = folder.assetcatalog; path = Assets.xcassets; sourceTree = "<group>"; };
		B7E507C524762D68007C4229 /* Base */ = {isa = PBXFileReference; lastKnownFileType = file.storyboard; name = Base; path = Base.lproj/LaunchScreen.storyboard; sourceTree = "<group>"; };
		B7E507C724762D68007C4229 /* Info.plist */ = {isa = PBXFileReference; lastKnownFileType = text.plist.xml; path = Info.plist; sourceTree = "<group>"; };
		B7E507C824762D68007C4229 /* main.m */ = {isa = PBXFileReference; lastKnownFileType = sourcecode.c.objc; path = main.m; sourceTree = "<group>"; };
		B7E507CE24762D68007C4229 /* Test123Tests.xctest */ = {isa = PBXFileReference; explicitFileType = wrapper.cfbundle; includeInIndex = 0; path = Test123Tests.xctest; sourceTree = BUILT_PRODUCTS_DIR; };
		B7E507D224762D68007C4229 /* Test123Tests.m */ = {isa = PBXFileReference; lastKnownFileType = sourcecode.c.objc; path = Test123Tests.m; sourceTree = "<group>"; };
		B7E507D424762D68007C4229 /* Info.plist */ = {isa = PBXFileReference; lastKnownFileType = text.plist.xml; path = Info.plist; sourceTree = "<group>"; };
		B7E507D924762D68007C4229 /* Test123UITests.xctest */ = {isa = PBXFileReference; explicitFileType = wrapper.cfbundle; includeInIndex = 0; path = Test123UITests.xctest; sourceTree = BUILT_PRODUCTS_DIR; };
		B7E507DD24762D68007C4229 /* Test123UITests.m */ = {isa = PBXFileReference; lastKnownFileType = sourcecode.c.objc; path = Test123UITests.m; sourceTree = "<group>"; };
		B7E507DF24762D68007C4229 /* Info.plist */ = {isa = PBXFileReference; lastKnownFileType = text.plist.xml; path = Info.plist; sourceTree = "<group>"; };
		B7E507ED24763081007C4229 /* ZJContentView.h */ = {isa = PBXFileReference; fileEncoding = 4; lastKnownFileType = sourcecode.c.h; path = ZJContentView.h; sourceTree = "<group>"; };
		B7E507EE24763081007C4229 /* UIView+ZJFrame.m */ = {isa = PBXFileReference; fileEncoding = 4; lastKnownFileType = sourcecode.c.objc; path = "UIView+ZJFrame.m"; sourceTree = "<group>"; };
		B7E507EF24763081007C4229 /* ZJCollectionView.h */ = {isa = PBXFileReference; fileEncoding = 4; lastKnownFileType = sourcecode.c.h; path = ZJCollectionView.h; sourceTree = "<group>"; };
		B7E507F024763081007C4229 /* ZJScrollSegmentView.h */ = {isa = PBXFileReference; fileEncoding = 4; lastKnownFileType = sourcecode.c.h; path = ZJScrollSegmentView.h; sourceTree = "<group>"; };
		B7E507F124763081007C4229 /* ZJScrollPageViewDelegate.h */ = {isa = PBXFileReference; fileEncoding = 4; lastKnownFileType = sourcecode.c.h; path = ZJScrollPageViewDelegate.h; sourceTree = "<group>"; };
		B7E507F224763081007C4229 /* ZJSegmentStyle.h */ = {isa = PBXFileReference; fileEncoding = 4; lastKnownFileType = sourcecode.c.h; path = ZJSegmentStyle.h; sourceTree = "<group>"; };
		B7E507F324763081007C4229 /* ZJTitleView.m */ = {isa = PBXFileReference; fileEncoding = 4; lastKnownFileType = sourcecode.c.objc; path = ZJTitleView.m; sourceTree = "<group>"; };
		B7E507F424763081007C4229 /* UIViewController+ZJScrollPageController.m */ = {isa = PBXFileReference; fileEncoding = 4; lastKnownFileType = sourcecode.c.objc; path = "UIViewController+ZJScrollPageController.m"; sourceTree = "<group>"; };
		B7E507F524763081007C4229 /* ZJScrollPageView.h */ = {isa = PBXFileReference; fileEncoding = 4; lastKnownFileType = sourcecode.c.h; path = ZJScrollPageView.h; sourceTree = "<group>"; };
		B7E507F624763081007C4229 /* UIView+ZJFrame.h */ = {isa = PBXFileReference; fileEncoding = 4; lastKnownFileType = sourcecode.c.h; path = "UIView+ZJFrame.h"; sourceTree = "<group>"; };
		B7E507F724763081007C4229 /* ZJContentView.m */ = {isa = PBXFileReference; fileEncoding = 4; lastKnownFileType = sourcecode.c.objc; path = ZJContentView.m; sourceTree = "<group>"; };
		B7E507F824763081007C4229 /* ZJCollectionView.m */ = {isa = PBXFileReference; fileEncoding = 4; lastKnownFileType = sourcecode.c.objc; path = ZJCollectionView.m; sourceTree = "<group>"; };
		B7E507F924763081007C4229 /* ZJSegmentStyle.m */ = {isa = PBXFileReference; fileEncoding = 4; lastKnownFileType = sourcecode.c.objc; path = ZJSegmentStyle.m; sourceTree = "<group>"; };
		B7E507FA24763081007C4229 /* ZJScrollSegmentView.m */ = {isa = PBXFileReference; fileEncoding = 4; lastKnownFileType = sourcecode.c.objc; path = ZJScrollSegmentView.m; sourceTree = "<group>"; };
		B7E507FB24763081007C4229 /* ZJScrollPageView.m */ = {isa = PBXFileReference; fileEncoding = 4; lastKnownFileType = sourcecode.c.objc; path = ZJScrollPageView.m; sourceTree = "<group>"; };
		B7E507FC24763081007C4229 /* UIViewController+ZJScrollPageController.h */ = {isa = PBXFileReference; fileEncoding = 4; lastKnownFileType = sourcecode.c.h; path = "UIViewController+ZJScrollPageController.h"; sourceTree = "<group>"; };
		B7E507FD24763081007C4229 /* ZJTitleView.h */ = {isa = PBXFileReference; fileEncoding = 4; lastKnownFileType = sourcecode.c.h; path = ZJTitleView.h; sourceTree = "<group>"; };
/* End PBXFileReference section */

/* Begin PBXFrameworksBuildPhase section */
		B7E507B024762D65007C4229 /* Frameworks */ = {
			isa = PBXFrameworksBuildPhase;
			buildActionMask = 2147483647;
			files = (
			);
			runOnlyForDeploymentPostprocessing = 0;
		};
		B7E507CB24762D68007C4229 /* Frameworks */ = {
			isa = PBXFrameworksBuildPhase;
			buildActionMask = 2147483647;
			files = (
			);
			runOnlyForDeploymentPostprocessing = 0;
		};
		B7E507D624762D68007C4229 /* Frameworks */ = {
			isa = PBXFrameworksBuildPhase;
			buildActionMask = 2147483647;
			files = (
			);
			runOnlyForDeploymentPostprocessing = 0;
		};
/* End PBXFrameworksBuildPhase section */

/* Begin PBXGroup section */
		B7E507AA24762D65007C4229 = {
			isa = PBXGroup;
			children = (
				B7E507B524762D65007C4229 /* Test123 */,
				B7E507D124762D68007C4229 /* Test123Tests */,
				B7E507DC24762D68007C4229 /* Test123UITests */,
				B7E507B424762D65007C4229 /* Products */,
			);
			sourceTree = "<group>";
		};
		B7E507B424762D65007C4229 /* Products */ = {
			isa = PBXGroup;
			children = (
				B7E507B324762D65007C4229 /* Test123.app */,
				B7E507CE24762D68007C4229 /* Test123Tests.xctest */,
				B7E507D924762D68007C4229 /* Test123UITests.xctest */,
			);
			name = Products;
			sourceTree = "<group>";
		};
		B7E507B524762D65007C4229 /* Test123 */ = {
			isa = PBXGroup;
			children = (
				B7E507B624762D65007C4229 /* AppDelegate.h */,
				B7E507B724762D65007C4229 /* AppDelegate.m */,
				B7E507B924762D65007C4229 /* SceneDelegate.h */,
				B7E507BA24762D65007C4229 /* SceneDelegate.m */,
				B7E507BC24762D65007C4229 /* ViewController.h */,
				B7E507BD24762D65007C4229 /* ViewController.m */,
				B7E507EB24763081007C4229 /* ThirdParty */,
				B7E507BF24762D65007C4229 /* Main.storyboard */,
				B7E507C224762D68007C4229 /* Assets.xcassets */,
				B7E507C424762D68007C4229 /* LaunchScreen.storyboard */,
				B7E507C724762D68007C4229 /* Info.plist */,
				B7E507C824762D68007C4229 /* main.m */,
			);
			path = Test123;
			sourceTree = "<group>";
		};
		B7E507D124762D68007C4229 /* Test123Tests */ = {
			isa = PBXGroup;
			children = (
				B7E507D224762D68007C4229 /* Test123Tests.m */,
				B7E507D424762D68007C4229 /* Info.plist */,
			);
			path = Test123Tests;
			sourceTree = "<group>";
		};
		B7E507DC24762D68007C4229 /* Test123UITests */ = {
			isa = PBXGroup;
			children = (
				B7E507DD24762D68007C4229 /* Test123UITests.m */,
				B7E507DF24762D68007C4229 /* Info.plist */,
			);
			path = Test123UITests;
			sourceTree = "<group>";
		};
		B7E507EB24763081007C4229 /* ThirdParty */ = {
			isa = PBXGroup;
			children = (
				B7E507EC24763081007C4229 /* ZJScrollPageView */,
			);
			path = ThirdParty;
			sourceTree = "<group>";
		};
		B7E507EC24763081007C4229 /* ZJScrollPageView */ = {
			isa = PBXGroup;
			children = (
				B7E507ED24763081007C4229 /* ZJContentView.h */,
				B7E507EE24763081007C4229 /* UIView+ZJFrame.m */,
				B7E507EF24763081007C4229 /* ZJCollectionView.h */,
				B7E507F024763081007C4229 /* ZJScrollSegmentView.h */,
				B7E507F124763081007C4229 /* ZJScrollPageViewDelegate.h */,
				B7E507F224763081007C4229 /* ZJSegmentStyle.h */,
				B7E507F324763081007C4229 /* ZJTitleView.m */,
				B7E507F424763081007C4229 /* UIViewController+ZJScrollPageController.m */,
				B7E507F524763081007C4229 /* ZJScrollPageView.h */,
				B7E507F624763081007C4229 /* UIView+ZJFrame.h */,
				B7E507F724763081007C4229 /* ZJContentView.m */,
				B7E507F824763081007C4229 /* ZJCollectionView.m */,
				B7E507F924763081007C4229 /* ZJSegmentStyle.m */,
				B7E507FA24763081007C4229 /* ZJScrollSegmentView.m */,
				B7E507FB24763081007C4229 /* ZJScrollPageView.m */,
				B7E507FC24763081007C4229 /* UIViewController+ZJScrollPageController.h */,
				B7E507FD24763081007C4229 /* ZJTitleView.h */,
			);
			path = ZJScrollPageView;
			sourceTree = "<group>";
		};
/* End PBXGroup section */

/* Begin PBXNativeTarget section */
		B7E507B224762D65007C4229 /* Test123 */ = {
			isa = PBXNativeTarget;
			buildConfigurationList = B7E507E224762D68007C4229 /* Build configuration list for PBXNativeTarget "Test123" */;
			buildPhases = (
				B7E507AF24762D65007C4229 /* Sources */,
				B7E507B024762D65007C4229 /* Frameworks */,
				B7E507B124762D65007C4229 /* Resources */,
			);
			buildRules = (
			);
			dependencies = (
			);
			name = Test123;
			productName = Test123;
			productReference = B7E507B324762D65007C4229 /* Test123.app */;
			productType = "com.apple.product-type.application";
		};
		B7E507CD24762D68007C4229 /* Test123Tests */ = {
			isa = PBXNativeTarget;
			buildConfigurationList = B7E507E524762D68007C4229 /* Build configuration list for PBXNativeTarget "Test123Tests" */;
			buildPhases = (
				B7E507CA24762D68007C4229 /* Sources */,
				B7E507CB24762D68007C4229 /* Frameworks */,
				B7E507CC24762D68007C4229 /* Resources */,
			);
			buildRules = (
			);
			dependencies = (
				B7E507D024762D68007C4229 /* PBXTargetDependency */,
			);
			name = Test123Tests;
			productName = Test123Tests;
			productReference = B7E507CE24762D68007C4229 /* Test123Tests.xctest */;
			productType = "com.apple.product-type.bundle.unit-test";
		};
		B7E507D824762D68007C4229 /* Test123UITests */ = {
			isa = PBXNativeTarget;
			buildConfigurationList = B7E507E824762D68007C4229 /* Build configuration list for PBXNativeTarget "Test123UITests" */;
			buildPhases = (
				B7E507D524762D68007C4229 /* Sources */,
				B7E507D624762D68007C4229 /* Frameworks */,
				B7E507D724762D68007C4229 /* Resources */,
			);
			buildRules = (
			);
			dependencies = (
				B7E507DB24762D68007C4229 /* PBXTargetDependency */,
			);
			name = Test123UITests;
			productName = Test123UITests;
			productReference = B7E507D924762D68007C4229 /* Test123UITests.xctest */;
			productType = "com.apple.product-type.bundle.ui-testing";
		};
/* End PBXNativeTarget section */

/* Begin PBXProject section */
		B7E507AB24762D65007C4229 /* Project object */ = {
			isa = PBXProject;
			attributes = {
				LastUpgradeCheck = 1150;
				ORGANIZATIONNAME = wangtao;
				TargetAttributes = {
					B7E507B224762D65007C4229 = {
						CreatedOnToolsVersion = 11.5;
					};
					B7E507CD24762D68007C4229 = {
						CreatedOnToolsVersion = 11.5;
						TestTargetID = B7E507B224762D65007C4229;
					};
					B7E507D824762D68007C4229 = {
						CreatedOnToolsVersion = 11.5;
						TestTargetID = B7E507B224762D65007C4229;
					};
				};
			};
			buildConfigurationList = B7E507AE24762D65007C4229 /* Build configuration list for PBXProject "Test123" */;
			compatibilityVersion = "Xcode 9.3";
			developmentRegion = en;
			hasScannedForEncodings = 0;
			knownRegions = (
				en,
				Base,
			);
			mainGroup = B7E507AA24762D65007C4229;
			productRefGroup = B7E507B424762D65007C4229 /* Products */;
			projectDirPath = "";
			projectRoot = "";
			targets = (
				B7E507B224762D65007C4229 /* Test123 */,
				B7E507CD24762D68007C4229 /* Test123Tests */,
				B7E507D824762D68007C4229 /* Test123UITests */,
			);
		};
/* End PBXProject section */

/* Begin PBXResourcesBuildPhase section */
		B7E507B124762D65007C4229 /* Resources */ = {
			isa = PBXResourcesBuildPhase;
			buildActionMask = 2147483647;
			files = (
				B7E507C624762D68007C4229 /* LaunchScreen.storyboard in Resources */,
				B7E507C324762D68007C4229 /* Assets.xcassets in Resources */,
				B7E507C124762D65007C4229 /* Main.storyboard in Resources */,
			);
			runOnlyForDeploymentPostprocessing = 0;
		};
		B7E507CC24762D68007C4229 /* Resources */ = {
			isa = PBXResourcesBuildPhase;
			buildActionMask = 2147483647;
			files = (
			);
			runOnlyForDeploymentPostprocessing = 0;
		};
		B7E507D724762D68007C4229 /* Resources */ = {
			isa = PBXResourcesBuildPhase;
			buildActionMask = 2147483647;
			files = (
			);
			runOnlyForDeploymentPostprocessing = 0;
		};
/* End PBXResourcesBuildPhase section */

/* Begin PBXSourcesBuildPhase section */
		B7E507AF24762D65007C4229 /* Sources */ = {
			isa = PBXSourcesBuildPhase;
			buildActionMask = 2147483647;
			files = (
				B7E507FE24763081007C4229 /* UIView+ZJFrame.m in Sources */,
				B7E5080024763081007C4229 /* UIViewController+ZJScrollPageController.m in Sources */,
				B7E5080224763081007C4229 /* ZJCollectionView.m in Sources */,
				B7E507BE24762D65007C4229 /* ViewController.m in Sources */,
				B7E5080424763081007C4229 /* ZJScrollSegmentView.m in Sources */,
				B7E507B824762D65007C4229 /* AppDelegate.m in Sources */,
				B7E5080124763081007C4229 /* ZJContentView.m in Sources */,
				B7E507FF24763081007C4229 /* ZJTitleView.m in Sources */,
				B7E5080524763081007C4229 /* ZJScrollPageView.m in Sources */,
				B7E507C924762D68007C4229 /* main.m in Sources */,
				B7E507BB24762D65007C4229 /* SceneDelegate.m in Sources */,
				B7E5080324763081007C4229 /* ZJSegmentStyle.m in Sources */,
			);
			runOnlyForDeploymentPostprocessing = 0;
		};
		B7E507CA24762D68007C4229 /* Sources */ = {
			isa = PBXSourcesBuildPhase;
			buildActionMask = 2147483647;
			files = (
				B7E507D324762D68007C4229 /* Test123Tests.m in Sources */,
			);
			runOnlyForDeploymentPostprocessing = 0;
		};
		B7E507D524762D68007C4229 /* Sources */ = {
			isa = PBXSourcesBuildPhase;
			buildActionMask = 2147483647;
			files = (
				B7E507DE24762D68007C4229 /* Test123UITests.m in Sources */,
			);
			runOnlyForDeploymentPostprocessing = 0;
		};
/* End PBXSourcesBuildPhase section */

/* Begin PBXTargetDependency section */
		B7E507D024762D68007C4229 /* PBXTargetDependency */ = {
			isa = PBXTargetDependency;
			target = B7E507B224762D65007C4229 /* Test123 */;
			targetProxy = B7E507CF24762D68007C4229 /* PBXContainerItemProxy */;
		};
		B7E507DB24762D68007C4229 /* PBXTargetDependency */ = {
			isa = PBXTargetDependency;
			target = B7E507B224762D65007C4229 /* Test123 */;
			targetProxy = B7E507DA24762D68007C4229 /* PBXContainerItemProxy */;
		};
/* End PBXTargetDependency section */

/* Begin PBXVariantGroup section */
		B7E507BF24762D65007C4229 /* Main.storyboard */ = {
			isa = PBXVariantGroup;
			children = (
				B7E507C024762D65007C4229 /* Base */,
			);
			name = Main.storyboard;
			sourceTree = "<group>";
		};
		B7E507C424762D68007C4229 /* LaunchScreen.storyboard */ = {
			isa = PBXVariantGroup;
			children = (
				B7E507C524762D68007C4229 /* Base */,
			);
			name = LaunchScreen.storyboard;
			sourceTree = "<group>";
		};
/* End PBXVariantGroup section */

/* Begin XCBuildConfiguration section */
		B7E507E024762D68007C4229 /* Debug */ = {
			isa = XCBuildConfiguration;
			buildSettings = {
				ALWAYS_SEARCH_USER_PATHS = NO;
				CLANG_ANALYZER_NONNULL = YES;
				CLANG_ANALYZER_NUMBER_OBJECT_CONVERSION = YES_AGGRESSIVE;
				CLANG_CXX_LANGUAGE_STANDARD = "gnu++14";
				CLANG_CXX_LIBRARY = "libc++";
				CLANG_ENABLE_MODULES = YES;
				CLANG_ENABLE_OBJC_ARC = YES;
				CLANG_ENABLE_OBJC_WEAK = YES;
				CLANG_WARN_BLOCK_CAPTURE_AUTORELEASING = YES;
				CLANG_WARN_BOOL_CONVERSION = YES;
				CLANG_WARN_COMMA = YES;
				CLANG_WARN_CONSTANT_CONVERSION = YES;
				CLANG_WARN_DEPRECATED_OBJC_IMPLEMENTATIONS = YES;
				CLANG_WARN_DIRECT_OBJC_ISA_USAGE = YES_ERROR;
				CLANG_WARN_DOCUMENTATION_COMMENTS = YES;
				CLANG_WARN_EMPTY_BODY = YES;
				CLANG_WARN_ENUM_CONVERSION = YES;
				CLANG_WARN_INFINITE_RECURSION = YES;
				CLANG_WARN_INT_CONVERSION = YES;
				CLANG_WARN_NON_LITERAL_NULL_CONVERSION = YES;
				CLANG_WARN_OBJC_IMPLICIT_RETAIN_SELF = YES;
				CLANG_WARN_OBJC_LITERAL_CONVERSION = YES;
				CLANG_WARN_OBJC_ROOT_CLASS = YES_ERROR;
				CLANG_WARN_RANGE_LOOP_ANALYSIS = YES;
				CLANG_WARN_STRICT_PROTOTYPES = YES;
				CLANG_WARN_SUSPICIOUS_MOVE = YES;
				CLANG_WARN_UNGUARDED_AVAILABILITY = YES_AGGRESSIVE;
				CLANG_WARN_UNREACHABLE_CODE = YES;
				CLANG_WARN__DUPLICATE_METHOD_MATCH = YES;
				COPY_PHASE_STRIP = NO;
				DEBUG_INFORMATION_FORMAT = dwarf;
				ENABLE_STRICT_OBJC_MSGSEND = YES;
				ENABLE_TESTABILITY = YES;
				GCC_C_LANGUAGE_STANDARD = gnu11;
				GCC_DYNAMIC_NO_PIC = NO;
				GCC_NO_COMMON_BLOCKS = YES;
				GCC_OPTIMIZATION_LEVEL = 0;
				GCC_PREPROCESSOR_DEFINITIONS = (
					"DEBUG=1",
					"$(inherited)",
				);
				GCC_WARN_64_TO_32_BIT_CONVERSION = YES;
				GCC_WARN_ABOUT_RETURN_TYPE = YES_ERROR;
				GCC_WARN_UNDECLARED_SELECTOR = YES;
				GCC_WARN_UNINITIALIZED_AUTOS = YES_AGGRESSIVE;
				GCC_WARN_UNUSED_FUNCTION = YES;
				GCC_WARN_UNUSED_VARIABLE = YES;
				IPHONEOS_DEPLOYMENT_TARGET = 13.5;
				MTL_ENABLE_DEBUG_INFO = INCLUDE_SOURCE;
				MTL_FAST_MATH = YES;
				ONLY_ACTIVE_ARCH = YES;
				SDKROOT = iphoneos;
			};
			name = Debug;
		};
		B7E507E124762D68007C4229 /* Release */ = {
			isa = XCBuildConfiguration;
			buildSettings = {
				ALWAYS_SEARCH_USER_PATHS = NO;
				CLANG_ANALYZER_NONNULL = YES;
				CLANG_ANALYZER_NUMBER_OBJECT_CONVERSION = YES_AGGRESSIVE;
				CLANG_CXX_LANGUAGE_STANDARD = "gnu++14";
				CLANG_CXX_LIBRARY = "libc++";
				CLANG_ENABLE_MODULES = YES;
				CLANG_ENABLE_OBJC_ARC = YES;
				CLANG_ENABLE_OBJC_WEAK = YES;
				CLANG_WARN_BLOCK_CAPTURE_AUTORELEASING = YES;
				CLANG_WARN_BOOL_CONVERSION = YES;
				CLANG_WARN_COMMA = YES;
				CLANG_WARN_CONSTANT_CONVERSION = YES;
				CLANG_WARN_DEPRECATED_OBJC_IMPLEMENTATIONS = YES;
				CLANG_WARN_DIRECT_OBJC_ISA_USAGE = YES_ERROR;
				CLANG_WARN_DOCUMENTATION_COMMENTS = YES;
				CLANG_WARN_EMPTY_BODY = YES;
				CLANG_WARN_ENUM_CONVERSION = YES;
				CLANG_WARN_INFINITE_RECURSION = YES;
				CLANG_WARN_INT_CONVERSION = YES;
				CLANG_WARN_NON_LITERAL_NULL_CONVERSION = YES;
				CLANG_WARN_OBJC_IMPLICIT_RETAIN_SELF = YES;
				CLANG_WARN_OBJC_LITERAL_CONVERSION = YES;
				CLANG_WARN_OBJC_ROOT_CLASS = YES_ERROR;
				CLANG_WARN_RANGE_LOOP_ANALYSIS = YES;
				CLANG_WARN_STRICT_PROTOTYPES = YES;
				CLANG_WARN_SUSPICIOUS_MOVE = YES;
				CLANG_WARN_UNGUARDED_AVAILABILITY = YES_AGGRESSIVE;
				CLANG_WARN_UNREACHABLE_CODE = YES;
				CLANG_WARN__DUPLICATE_METHOD_MATCH = YES;
				COPY_PHASE_STRIP = NO;
				DEBUG_INFORMATION_FORMAT = "dwarf-with-dsym";
				ENABLE_NS_ASSERTIONS = NO;
				ENABLE_STRICT_OBJC_MSGSEND = YES;
				GCC_C_LANGUAGE_STANDARD = gnu11;
				GCC_NO_COMMON_BLOCKS = YES;
				GCC_WARN_64_TO_32_BIT_CONVERSION = YES;
				GCC_WARN_ABOUT_RETURN_TYPE = YES_ERROR;
				GCC_WARN_UNDECLARED_SELECTOR = YES;
				GCC_WARN_UNINITIALIZED_AUTOS = YES_AGGRESSIVE;
				GCC_WARN_UNUSED_FUNCTION = YES;
				GCC_WARN_UNUSED_VARIABLE = YES;
				IPHONEOS_DEPLOYMENT_TARGET = 13.5;
				MTL_ENABLE_DEBUG_INFO = NO;
				MTL_FAST_MATH = YES;
				SDKROOT = iphoneos;
				VALIDATE_PRODUCT = YES;
			};
			name = Release;
		};
		B7E507E324762D68007C4229 /* Debug */ = {
			isa = XCBuildConfiguration;
			buildSettings = {
				ASSETCATALOG_COMPILER_APPICON_NAME = AppIcon;
				CODE_SIGN_STYLE = Automatic;
				INFOPLIST_FILE = Test123/Info.plist;
				LD_RUNPATH_SEARCH_PATHS = (
					"$(inherited)",
					"@executable_path/Frameworks",
				);
				PRODUCT_BUNDLE_IDENTIFIER = asd.Test123;
				PRODUCT_NAME = "$(TARGET_NAME)";
				TARGETED_DEVICE_FAMILY = "1,2";
			};
			name = Debug;
		};
		B7E507E424762D68007C4229 /* Release */ = {
			isa = XCBuildConfiguration;
			buildSettings = {
				ASSETCATALOG_COMPILER_APPICON_NAME = AppIcon;
				CODE_SIGN_STYLE = Automatic;
				INFOPLIST_FILE = Test123/Info.plist;
				LD_RUNPATH_SEARCH_PATHS = (
					"$(inherited)",
					"@executable_path/Frameworks",
				);
				PRODUCT_BUNDLE_IDENTIFIER = asd.Test123;
				PRODUCT_NAME = "$(TARGET_NAME)";
				TARGETED_DEVICE_FAMILY = "1,2";
			};
			name = Release;
		};
		B7E507E624762D68007C4229 /* Debug */ = {
			isa = XCBuildConfiguration;
			buildSettings = {
				BUNDLE_LOADER = "$(TEST_HOST)";
				CODE_SIGN_STYLE = Automatic;
				INFOPLIST_FILE = Test123Tests/Info.plist;
				IPHONEOS_DEPLOYMENT_TARGET = 13.5;
				LD_RUNPATH_SEARCH_PATHS = (
					"$(inherited)",
					"@executable_path/Frameworks",
					"@loader_path/Frameworks",
				);
				PRODUCT_BUNDLE_IDENTIFIER = asd.Test123Tests;
				PRODUCT_NAME = "$(TARGET_NAME)";
				TARGETED_DEVICE_FAMILY = "1,2";
				TEST_HOST = "$(BUILT_PRODUCTS_DIR)/Test123.app/Test123";
			};
			name = Debug;
		};
		B7E507E724762D68007C4229 /* Release */ = {
			isa = XCBuildConfiguration;
			buildSettings = {
				BUNDLE_LOADER = "$(TEST_HOST)";
				CODE_SIGN_STYLE = Automatic;
				INFOPLIST_FILE = Test123Tests/Info.plist;
				IPHONEOS_DEPLOYMENT_TARGET = 13.5;
				LD_RUNPATH_SEARCH_PATHS = (
					"$(inherited)",
					"@executable_path/Frameworks",
					"@loader_path/Frameworks",
				);
				PRODUCT_BUNDLE_IDENTIFIER = asd.Test123Tests;
				PRODUCT_NAME = "$(TARGET_NAME)";
				TARGETED_DEVICE_FAMILY = "1,2";
				TEST_HOST = "$(BUILT_PRODUCTS_DIR)/Test123.app/Test123";
			};
			name = Release;
		};
		B7E507E924762D68007C4229 /* Debug */ = {
			isa = XCBuildConfiguration;
			buildSettings = {
				CODE_SIGN_STYLE = Automatic;
				INFOPLIST_FILE = Test123UITests/Info.plist;
				LD_RUNPATH_SEARCH_PATHS = (
					"$(inherited)",
					"@executable_path/Frameworks",
					"@loader_path/Frameworks",
				);
				PRODUCT_BUNDLE_IDENTIFIER = asd.Test123UITests;
				PRODUCT_NAME = "$(TARGET_NAME)";
				TARGETED_DEVICE_FAMILY = "1,2";
				TEST_TARGET_NAME = Test123;
			};
			name = Debug;
		};
		B7E507EA24762D68007C4229 /* Release */ = {
			isa = XCBuildConfiguration;
			buildSettings = {
				CODE_SIGN_STYLE = Automatic;
				INFOPLIST_FILE = Test123UITests/Info.plist;
				LD_RUNPATH_SEARCH_PATHS = (
					"$(inherited)",
					"@executable_path/Frameworks",
					"@loader_path/Frameworks",
				);
				PRODUCT_BUNDLE_IDENTIFIER = asd.Test123UITests;
				PRODUCT_NAME = "$(TARGET_NAME)";
				TARGETED_DEVICE_FAMILY = "1,2";
				TEST_TARGET_NAME = Test123;
			};
			name = Release;
		};
/* End XCBuildConfiguration section */

/* Begin XCConfigurationList section */
		B7E507AE24762D65007C4229 /* Build configuration list for PBXProject "Test123" */ = {
			isa = XCConfigurationList;
			buildConfigurations = (
				B7E507E024762D68007C4229 /* Debug */,
				B7E507E124762D68007C4229 /* Release */,
			);
			defaultConfigurationIsVisible = 0;
			defaultConfigurationName = Release;
		};
		B7E507E224762D68007C4229 /* Build configuration list for PBXNativeTarget "Test123" */ = {
			isa = XCConfigurationList;
			buildConfigurations = (
				B7E507E324762D68007C4229 /* Debug */,
				B7E507E424762D68007C4229 /* Release */,
			);
			defaultConfigurationIsVisible = 0;
			defaultConfigurationName = Release;
		};
		B7E507E524762D68007C4229 /* Build configuration list for PBXNativeTarget "Test123Tests" */ = {
			isa = XCConfigurationList;
			buildConfigurations = (
				B7E507E624762D68007C4229 /* Debug */,
				B7E507E724762D68007C4229 /* Release */,
			);
			defaultConfigurationIsVisible = 0;
			defaultConfigurationName = Release;
		};
		B7E507E824762D68007C4229 /* Build configuration list for PBXNativeTarget "Test123UITests" */ = {
			isa = XCConfigurationList;
			buildConfigurations = (
				B7E507E924762D68007C4229 /* Debug */,
				B7E507EA24762D68007C4229 /* Release */,
			);
			defaultConfigurationIsVisible = 0;
			defaultConfigurationName = Release;
		};
/* End XCConfigurationList section */
	};
	rootObject = B7E507AB24762D65007C4229 /* Project object */;
}
